// !$*UTF8*$!
{
	archiveVersion = 1;
	classes = {
	};
	objectVersion = 56;
	objects = {

/* Begin PBXBuildFile section */
		552F5584297D66F200E2EFBF /* ProfileView.swift in Sources */ = {isa = PBXBuildFile; fileRef = 552F5583297D66F200E2EFBF /* ProfileView.swift */; };
		552F5586297D670200E2EFBF /* YourMissingView.swift in Sources */ = {isa = PBXBuildFile; fileRef = 552F5585297D670200E2EFBF /* YourMissingView.swift */; };
		552F5588297D671400E2EFBF /* MissingView.swift in Sources */ = {isa = PBXBuildFile; fileRef = 552F5587297D671400E2EFBF /* MissingView.swift */; };
		552F558A297D672900E2EFBF /* TabBarView.swift in Sources */ = {isa = PBXBuildFile; fileRef = 552F5589297D672900E2EFBF /* TabBarView.swift */; };
		552F5591297D739300E2EFBF /* FirebaseAuth in Frameworks */ = {isa = PBXBuildFile; productRef = 552F5590297D739300E2EFBF /* FirebaseAuth */; };
		552F5595297D75A000E2EFBF /* GoogleService-Info.plist in Resources */ = {isa = PBXBuildFile; fileRef = 552F5594297D75A000E2EFBF /* GoogleService-Info.plist */; };
		552F5599297D786800E2EFBF /* Assets.xcassets in Resources */ = {isa = PBXBuildFile; fileRef = 552F5598297D786800E2EFBF /* Assets.xcassets */; };
		552F559B297D791E00E2EFBF /* AppDelegate.swift in Sources */ = {isa = PBXBuildFile; fileRef = 552F559A297D791E00E2EFBF /* AppDelegate.swift */; };
		557CD495298980E700C3DB09 /* FinderLost.swift in Sources */ = {isa = PBXBuildFile; fileRef = 557CD494298980E700C3DB09 /* FinderLost.swift */; };
		557CD4982989811000C3DB09 /* FinderLostReducer.swift in Sources */ = {isa = PBXBuildFile; fileRef = 557CD4972989811000C3DB09 /* FinderLostReducer.swift */; };
		557CD49A2989813700C3DB09 /* FinderLostContextor.swift in Sources */ = {isa = PBXBuildFile; fileRef = 557CD4992989813700C3DB09 /* FinderLostContextor.swift */; };
		557CD4AB298991E300C3DB09 /* Factory in Frameworks */ = {isa = PBXBuildFile; productRef = 557CD4AA298991E300C3DB09 /* Factory */; };
		5591F662297F2341007F7A1C /* GoogleSignIn in Frameworks */ = {isa = PBXBuildFile; productRef = 5591F661297F2341007F7A1C /* GoogleSignIn */; };
		559E604529B403C100168337 /* MissingAddView.swift in Sources */ = {isa = PBXBuildFile; fileRef = 559E604429B403C100168337 /* MissingAddView.swift */; };
		559E604729B408D200168337 /* FilterView.swift in Sources */ = {isa = PBXBuildFile; fileRef = 559E604629B408D200168337 /* FilterView.swift */; };
		559E604929B409B600168337 /* PrivacyView.swift in Sources */ = {isa = PBXBuildFile; fileRef = 559E604829B409B600168337 /* PrivacyView.swift */; };
		559E604B29B40B0B00168337 /* NotificationView.swift in Sources */ = {isa = PBXBuildFile; fileRef = 559E604A29B40B0B00168337 /* NotificationView.swift */; };
		559E604D29B40B3D00168337 /* HelpView.swift in Sources */ = {isa = PBXBuildFile; fileRef = 559E604C29B40B3D00168337 /* HelpView.swift */; };
		559E604F29B40BDE00168337 /* MissingDetail.swift in Sources */ = {isa = PBXBuildFile; fileRef = 559E604E29B40BDE00168337 /* MissingDetail.swift */; };
		55A03E042997EFC000FE8091 /* Data in Frameworks */ = {isa = PBXBuildFile; productRef = 55A03E032997EFC000FE8091 /* Data */; };
		55A03E082997F61200FE8091 /* StoreBuilderFake.swift in Sources */ = {isa = PBXBuildFile; fileRef = 55A03E072997F61200FE8091 /* StoreBuilderFake.swift */; };
		55A735B02985371F00C700B5 /* RepositoryDI.swift in Sources */ = {isa = PBXBuildFile; fileRef = 55A735AF2985371F00C700B5 /* RepositoryDI.swift */; };
		55A9D061299FFFE400B9CD28 /* Module in Frameworks */ = {isa = PBXBuildFile; productRef = 55A9D060299FFFE400B9CD28 /* Module */; };
		55A9D06329A03D2600B9CD28 /* HandlerDI.swift in Sources */ = {isa = PBXBuildFile; fileRef = 55A9D06229A03D2600B9CD28 /* HandlerDI.swift */; };
		55A9D06529A0EB0600B9CD28 /* PreviewContent.swift in Sources */ = {isa = PBXBuildFile; fileRef = 55A9D06429A0EB0600B9CD28 /* PreviewContent.swift */; };
		55ACBBBB299AE865008288E5 /* SwifterSwift in Frameworks */ = {isa = PBXBuildFile; productRef = 55ACBBBA299AE865008288E5 /* SwifterSwift */; };
		55AD011E29B3983800D32A77 /* MissingItemView.swift in Sources */ = {isa = PBXBuildFile; fileRef = 55AD011D29B3983800D32A77 /* MissingItemView.swift */; };
		55DBD2CE2997C3D6003CC4F7 /* Domain in Frameworks */ = {isa = PBXBuildFile; productRef = 55DBD2CD2997C3D6003CC4F7 /* Domain */; };
		55DBD2D02997C3E1003CC4F7 /* Redux in Frameworks */ = {isa = PBXBuildFile; productRef = 55DBD2CF2997C3E1003CC4F7 /* Redux */; };
		55DBD2D22997C3EB003CC4F7 /* Utilities in Frameworks */ = {isa = PBXBuildFile; productRef = 55DBD2D12997C3EB003CC4F7 /* Utilities */; };
		55DBD2D429981A16003CC4F7 /* GoogleSignInSwift in Frameworks */ = {isa = PBXBuildFile; productRef = 55DBD2D329981A16003CC4F7 /* GoogleSignInSwift */; };
		55DBD2D829982063003CC4F7 /* StateBuilderFake.swift in Sources */ = {isa = PBXBuildFile; fileRef = 55DBD2D729982063003CC4F7 /* StateBuilderFake.swift */; };
		55DBD2DE29983242003CC4F7 /* DesignSystem in Frameworks */ = {isa = PBXBuildFile; productRef = 55DBD2DD29983242003CC4F7 /* DesignSystem */; };
		55DBD2E0299832B1003CC4F7 /* Colors.xcassets in Resources */ = {isa = PBXBuildFile; fileRef = 55DBD2DF299832B1003CC4F7 /* Colors.xcassets */; };
		55DBD2E42998470D003CC4F7 /* GoogleSignInButton.swift in Sources */ = {isa = PBXBuildFile; fileRef = 55DBD2E32998470D003CC4F7 /* GoogleSignInButton.swift */; };
		55E5D3F329AEAA67003A31C0 /* Launch Screen.storyboard in Resources */ = {isa = PBXBuildFile; fileRef = 55E5D3F229AEAA67003A31C0 /* Launch Screen.storyboard */; };
		55FE80D9294D066200763BE7 /* FinderLostApp.swift in Sources */ = {isa = PBXBuildFile; fileRef = 55FE80D8294D066200763BE7 /* FinderLostApp.swift */; };
		55FE80E0294D066400763BE7 /* Preview Assets.xcassets in Resources */ = {isa = PBXBuildFile; fileRef = 55FE80DF294D066400763BE7 /* Preview Assets.xcassets */; };
/* End PBXBuildFile section */

/* Begin PBXFileReference section */
		552E8DF12997CD7700570F78 /* Data */ = {isa = PBXFileReference; lastKnownFileType = wrapper; name = Data; path = Packages/Data; sourceTree = "<group>"; };
		552F5583297D66F200E2EFBF /* ProfileView.swift */ = {isa = PBXFileReference; lastKnownFileType = sourcecode.swift; path = ProfileView.swift; sourceTree = "<group>"; };
		552F5585297D670200E2EFBF /* YourMissingView.swift */ = {isa = PBXFileReference; lastKnownFileType = sourcecode.swift; path = YourMissingView.swift; sourceTree = "<group>"; };
		552F5587297D671400E2EFBF /* MissingView.swift */ = {isa = PBXFileReference; lastKnownFileType = sourcecode.swift; path = MissingView.swift; sourceTree = "<group>"; };
		552F5589297D672900E2EFBF /* TabBarView.swift */ = {isa = PBXFileReference; lastKnownFileType = sourcecode.swift; path = TabBarView.swift; sourceTree = "<group>"; };
		552F5594297D75A000E2EFBF /* GoogleService-Info.plist */ = {isa = PBXFileReference; fileEncoding = 4; lastKnownFileType = text.plist.xml; path = "GoogleService-Info.plist"; sourceTree = "<group>"; };
		552F5598297D786800E2EFBF /* Assets.xcassets */ = {isa = PBXFileReference; lastKnownFileType = folder.assetcatalog; path = Assets.xcassets; sourceTree = "<group>"; };
		552F559A297D791E00E2EFBF /* AppDelegate.swift */ = {isa = PBXFileReference; lastKnownFileType = sourcecode.swift; path = AppDelegate.swift; sourceTree = "<group>"; };
		5566D73E2997BF6F005A3A93 /* Domain */ = {isa = PBXFileReference; lastKnownFileType = wrapper; name = Domain; path = Packages/Domain; sourceTree = "<group>"; };
		5566D7412997C04D005A3A93 /* Redux */ = {isa = PBXFileReference; lastKnownFileType = wrapper; name = Redux; path = Packages/Redux; sourceTree = "<group>"; };
		5566D7482997C177005A3A93 /* Utilities */ = {isa = PBXFileReference; lastKnownFileType = wrapper; name = Utilities; path = Packages/Utilities; sourceTree = "<group>"; };
		557CD494298980E700C3DB09 /* FinderLost.swift */ = {isa = PBXFileReference; lastKnownFileType = sourcecode.swift; path = FinderLost.swift; sourceTree = "<group>"; };
		557CD4972989811000C3DB09 /* FinderLostReducer.swift */ = {isa = PBXFileReference; lastKnownFileType = sourcecode.swift; path = FinderLostReducer.swift; sourceTree = "<group>"; };
		557CD4992989813700C3DB09 /* FinderLostContextor.swift */ = {isa = PBXFileReference; lastKnownFileType = sourcecode.swift; path = FinderLostContextor.swift; sourceTree = "<group>"; };
		5591F667297F2EC9007F7A1C /* Info.plist */ = {isa = PBXFileReference; fileEncoding = 4; lastKnownFileType = text.plist.xml; path = Info.plist; sourceTree = "<group>"; };
		559E604429B403C100168337 /* MissingAddView.swift */ = {isa = PBXFileReference; lastKnownFileType = sourcecode.swift; path = MissingAddView.swift; sourceTree = "<group>"; };
		559E604629B408D200168337 /* FilterView.swift */ = {isa = PBXFileReference; lastKnownFileType = sourcecode.swift; path = FilterView.swift; sourceTree = "<group>"; };
		559E604829B409B600168337 /* PrivacyView.swift */ = {isa = PBXFileReference; lastKnownFileType = sourcecode.swift; path = PrivacyView.swift; sourceTree = "<group>"; };
		559E604A29B40B0B00168337 /* NotificationView.swift */ = {isa = PBXFileReference; lastKnownFileType = sourcecode.swift; path = NotificationView.swift; sourceTree = "<group>"; };
		559E604C29B40B3D00168337 /* HelpView.swift */ = {isa = PBXFileReference; lastKnownFileType = sourcecode.swift; path = HelpView.swift; sourceTree = "<group>"; };
		559E604E29B40BDE00168337 /* MissingDetail.swift */ = {isa = PBXFileReference; lastKnownFileType = sourcecode.swift; path = MissingDetail.swift; sourceTree = "<group>"; };
		55A03E072997F61200FE8091 /* StoreBuilderFake.swift */ = {isa = PBXFileReference; lastKnownFileType = sourcecode.swift; path = StoreBuilderFake.swift; sourceTree = "<group>"; };
		55A735AF2985371F00C700B5 /* RepositoryDI.swift */ = {isa = PBXFileReference; lastKnownFileType = sourcecode.swift; path = RepositoryDI.swift; sourceTree = "<group>"; };
		55A9D05B299ECF3C00B9CD28 /* Module */ = {isa = PBXFileReference; lastKnownFileType = wrapper; name = Module; path = Packages/Module; sourceTree = "<group>"; };
		55A9D06229A03D2600B9CD28 /* HandlerDI.swift */ = {isa = PBXFileReference; lastKnownFileType = sourcecode.swift; path = HandlerDI.swift; sourceTree = "<group>"; };
		55A9D06429A0EB0600B9CD28 /* PreviewContent.swift */ = {isa = PBXFileReference; lastKnownFileType = sourcecode.swift; path = PreviewContent.swift; sourceTree = "<group>"; };
		55AD011D29B3983800D32A77 /* MissingItemView.swift */ = {isa = PBXFileReference; lastKnownFileType = sourcecode.swift; path = MissingItemView.swift; sourceTree = "<group>"; };
		55DBD2D729982063003CC4F7 /* StateBuilderFake.swift */ = {isa = PBXFileReference; lastKnownFileType = sourcecode.swift; path = StateBuilderFake.swift; sourceTree = "<group>"; };
		55DBD2DC29982B78003CC4F7 /* DesignSystem */ = {isa = PBXFileReference; lastKnownFileType = wrapper; name = DesignSystem; path = Packages/DesignSystem; sourceTree = "<group>"; };
		55DBD2DF299832B1003CC4F7 /* Colors.xcassets */ = {isa = PBXFileReference; lastKnownFileType = folder.assetcatalog; path = Colors.xcassets; sourceTree = "<group>"; };
		55DBD2E32998470D003CC4F7 /* GoogleSignInButton.swift */ = {isa = PBXFileReference; lastKnownFileType = sourcecode.swift; path = GoogleSignInButton.swift; sourceTree = "<group>"; };
		55E5D3F229AEAA67003A31C0 /* Launch Screen.storyboard */ = {isa = PBXFileReference; lastKnownFileType = file.storyboard; path = "Launch Screen.storyboard"; sourceTree = "<group>"; };
		55FE80D5294D066200763BE7 /* FinderLost.app */ = {isa = PBXFileReference; explicitFileType = wrapper.application; includeInIndex = 0; path = FinderLost.app; sourceTree = BUILT_PRODUCTS_DIR; };
		55FE80D8294D066200763BE7 /* FinderLostApp.swift */ = {isa = PBXFileReference; lastKnownFileType = sourcecode.swift; path = FinderLostApp.swift; sourceTree = "<group>"; };
		55FE80DF294D066400763BE7 /* Preview Assets.xcassets */ = {isa = PBXFileReference; lastKnownFileType = folder.assetcatalog; path = "Preview Assets.xcassets"; sourceTree = "<group>"; };
/* End PBXFileReference section */

/* Begin PBXFrameworksBuildPhase section */
		55FE80D2294D066200763BE7 /* Frameworks */ = {
			isa = PBXFrameworksBuildPhase;
			buildActionMask = 2147483647;
			files = (
				55A9D061299FFFE400B9CD28 /* Module in Frameworks */,
				557CD4AB298991E300C3DB09 /* Factory in Frameworks */,
				55DBD2D22997C3EB003CC4F7 /* Utilities in Frameworks */,
				552F5591297D739300E2EFBF /* FirebaseAuth in Frameworks */,
				55ACBBBB299AE865008288E5 /* SwifterSwift in Frameworks */,
				55DBD2DE29983242003CC4F7 /* DesignSystem in Frameworks */,
				55DBD2D429981A16003CC4F7 /* GoogleSignInSwift in Frameworks */,
				55DBD2D02997C3E1003CC4F7 /* Redux in Frameworks */,
				55DBD2CE2997C3D6003CC4F7 /* Domain in Frameworks */,
				5591F662297F2341007F7A1C /* GoogleSignIn in Frameworks */,
				55A03E042997EFC000FE8091 /* Data in Frameworks */,
			);
			runOnlyForDeploymentPostprocessing = 0;
		};
/* End PBXFrameworksBuildPhase section */

/* Begin PBXGroup section */
		552F5582297D66E000E2EFBF /* App */ = {
			isa = PBXGroup;
			children = (
				559E604629B408D200168337 /* FilterView.swift */,
				55FE80D8294D066200763BE7 /* FinderLostApp.swift */,
				559E604C29B40B3D00168337 /* HelpView.swift */,
				559E604429B403C100168337 /* MissingAddView.swift */,
				559E604E29B40BDE00168337 /* MissingDetail.swift */,
				55AD011D29B3983800D32A77 /* MissingItemView.swift */,
				552F5587297D671400E2EFBF /* MissingView.swift */,
				559E604A29B40B0B00168337 /* NotificationView.swift */,
				559E604829B409B600168337 /* PrivacyView.swift */,
				552F5583297D66F200E2EFBF /* ProfileView.swift */,
				552F5589297D672900E2EFBF /* TabBarView.swift */,
				552F5585297D670200E2EFBF /* YourMissingView.swift */,
			);
			path = App;
			sourceTree = "<group>";
		};
		552F5592297D752100E2EFBF /* LostThings */ = {
			isa = PBXGroup;
			children = (
				5591F663297F2C24007F7A1C /* Info */,
				552F5596297D75A700E2EFBF /* Resource */,
				552F5593297D757A00E2EFBF /* Firebase */,
			);
			path = LostThings;
			sourceTree = "<group>";
		};
		552F5593297D757A00E2EFBF /* Firebase */ = {
			isa = PBXGroup;
			children = (
				552F5594297D75A000E2EFBF /* GoogleService-Info.plist */,
			);
			path = Firebase;
			sourceTree = "<group>";
		};
		552F5596297D75A700E2EFBF /* Resource */ = {
			isa = PBXGroup;
			children = (
				55DBD2DF299832B1003CC4F7 /* Colors.xcassets */,
				552F5598297D786800E2EFBF /* Assets.xcassets */,
				55E5D3F229AEAA67003A31C0 /* Launch Screen.storyboard */,
			);
			path = Resource;
			sourceTree = "<group>";
		};
		552F5597297D777E00E2EFBF /* Configuration */ = {
			isa = PBXGroup;
			children = (
				552F5592297D752100E2EFBF /* LostThings */,
			);
			path = Configuration;
			sourceTree = "<group>";
		};
		552F559C297D794500E2EFBF /* ContainerDI */ = {
			isa = PBXGroup;
			children = (
				55A9D06229A03D2600B9CD28 /* HandlerDI.swift */,
				55A735AF2985371F00C700B5 /* RepositoryDI.swift */,
			);
			path = ContainerDI;
			sourceTree = "<group>";
		};
		552F559D297D879F00E2EFBF /* Main */ = {
			isa = PBXGroup;
			children = (
				552F559A297D791E00E2EFBF /* AppDelegate.swift */,
				557CD494298980E700C3DB09 /* FinderLost.swift */,
				557CD4992989813700C3DB09 /* FinderLostContextor.swift */,
				557CD4972989811000C3DB09 /* FinderLostReducer.swift */,
			);
			path = Main;
			sourceTree = "<group>";
		};
		5591F663297F2C24007F7A1C /* Info */ = {
			isa = PBXGroup;
			children = (
				5591F667297F2EC9007F7A1C /* Info.plist */,
			);
			path = Info;
			sourceTree = "<group>";
		};
		55D37C4F2996ED1E00947787 /* Packages */ = {
			isa = PBXGroup;
			children = (
				5566D73E2997BF6F005A3A93 /* Domain */,
				5566D7412997C04D005A3A93 /* Redux */,
				5566D7482997C177005A3A93 /* Utilities */,
				552E8DF12997CD7700570F78 /* Data */,
				55DBD2DC29982B78003CC4F7 /* DesignSystem */,
				55A9D05B299ECF3C00B9CD28 /* Module */,
			);
			name = Packages;
			sourceTree = "<group>";
		};
		55DBD2D529982028003CC4F7 /* FinderLost */ = {
			isa = PBXGroup;
			children = (
				55DBD2D729982063003CC4F7 /* StateBuilderFake.swift */,
				55A03E072997F61200FE8091 /* StoreBuilderFake.swift */,
			);
			path = FinderLost;
			sourceTree = "<group>";
		};
		55DBD2E1299846E3003CC4F7 /* ExternalLibrary */ = {
			isa = PBXGroup;
			children = (
				55DBD2E2299846F7003CC4F7 /* DesignSystem */,
			);
			path = ExternalLibrary;
			sourceTree = "<group>";
		};
		55DBD2E2299846F7003CC4F7 /* DesignSystem */ = {
			isa = PBXGroup;
			children = (
				55DBD2E32998470D003CC4F7 /* GoogleSignInButton.swift */,
			);
			path = DesignSystem;
			sourceTree = "<group>";
		};
		55EDCE6A2996F255002A52BD /* Frameworks */ = {
			isa = PBXGroup;
			children = (
			);
			name = Frameworks;
			sourceTree = "<group>";
		};
		55FE80CC294D066200763BE7 = {
			isa = PBXGroup;
			children = (
				55FE80D7294D066200763BE7 /* FinderLost */,
				55EDCE6A2996F255002A52BD /* Frameworks */,
				55D37C4F2996ED1E00947787 /* Packages */,
				55FE80D6294D066200763BE7 /* Products */,
			);
			sourceTree = "<group>";
		};
		55FE80D6294D066200763BE7 /* Products */ = {
			isa = PBXGroup;
			children = (
				55FE80D5294D066200763BE7 /* FinderLost.app */,
			);
			name = Products;
			sourceTree = "<group>";
		};
		55FE80D7294D066200763BE7 /* FinderLost */ = {
			isa = PBXGroup;
			children = (
				552F5582297D66E000E2EFBF /* App */,
				552F5597297D777E00E2EFBF /* Configuration */,
				552F559C297D794500E2EFBF /* ContainerDI */,
				55DBD2E1299846E3003CC4F7 /* ExternalLibrary */,
				552F559D297D879F00E2EFBF /* Main */,
				55FE80DE294D066400763BE7 /* Preview Content */,
			);
			path = FinderLost;
			sourceTree = "<group>";
		};
		55FE80DE294D066400763BE7 /* Preview Content */ = {
			isa = PBXGroup;
			children = (
				55DBD2D529982028003CC4F7 /* FinderLost */,
				55FE80DF294D066400763BE7 /* Preview Assets.xcassets */,
				55A9D06429A0EB0600B9CD28 /* PreviewContent.swift */,
			);
			path = "Preview Content";
			sourceTree = "<group>";
		};
/* End PBXGroup section */

/* Begin PBXNativeTarget section */
		55FE80D4294D066200763BE7 /* FinderLost */ = {
			isa = PBXNativeTarget;
			buildConfigurationList = 55FE80F9294D066400763BE7 /* Build configuration list for PBXNativeTarget "FinderLost" */;
			buildPhases = (
				55FE80D1294D066200763BE7 /* Sources */,
				55FE80D2294D066200763BE7 /* Frameworks */,
				55FE80D3294D066200763BE7 /* Resources */,
			);
			buildRules = (
			);
			dependencies = (
			);
			name = FinderLost;
			packageProductDependencies = (
				552F5590297D739300E2EFBF /* FirebaseAuth */,
				5591F661297F2341007F7A1C /* GoogleSignIn */,
				557CD4AA298991E300C3DB09 /* Factory */,
				55DBD2CD2997C3D6003CC4F7 /* Domain */,
				55DBD2CF2997C3E1003CC4F7 /* Redux */,
				55DBD2D12997C3EB003CC4F7 /* Utilities */,
				55A03E032997EFC000FE8091 /* Data */,
				55DBD2D329981A16003CC4F7 /* GoogleSignInSwift */,
				55DBD2DD29983242003CC4F7 /* DesignSystem */,
				55ACBBBA299AE865008288E5 /* SwifterSwift */,
				55A9D060299FFFE400B9CD28 /* Module */,
			);
			productName = FinderLost;
			productReference = 55FE80D5294D066200763BE7 /* FinderLost.app */;
			productType = "com.apple.product-type.application";
		};
/* End PBXNativeTarget section */

/* Begin PBXProject section */
		55FE80CD294D066200763BE7 /* Project object */ = {
			isa = PBXProject;
			attributes = {
				BuildIndependentTargetsInParallel = 1;
				LastSwiftUpdateCheck = 1420;
				LastUpgradeCheck = 1410;
				TargetAttributes = {
					55FE80D4294D066200763BE7 = {
						CreatedOnToolsVersion = 14.1;
					};
				};
			};
			buildConfigurationList = 55FE80D0294D066200763BE7 /* Build configuration list for PBXProject "FinderLost" */;
			compatibilityVersion = "Xcode 14.0";
			developmentRegion = en;
			hasScannedForEncodings = 0;
			knownRegions = (
				en,
				Base,
			);
			mainGroup = 55FE80CC294D066200763BE7;
			packageReferences = (
				552F558F297D739300E2EFBF /* XCRemoteSwiftPackageReference "firebase-ios-sdk" */,
				5591F660297F2341007F7A1C /* XCRemoteSwiftPackageReference "GoogleSignIn-iOS" */,
				557CD4A9298991E300C3DB09 /* XCRemoteSwiftPackageReference "Factory" */,
				55ACBBB9299AE865008288E5 /* XCRemoteSwiftPackageReference "SwifterSwift" */,
			);
			productRefGroup = 55FE80D6294D066200763BE7 /* Products */;
			projectDirPath = "";
			projectRoot = "";
			targets = (
				55FE80D4294D066200763BE7 /* FinderLost */,
			);
		};
/* End PBXProject section */

/* Begin PBXResourcesBuildPhase section */
		55FE80D3294D066200763BE7 /* Resources */ = {
			isa = PBXResourcesBuildPhase;
			buildActionMask = 2147483647;
			files = (
				55FE80E0294D066400763BE7 /* Preview Assets.xcassets in Resources */,
				55DBD2E0299832B1003CC4F7 /* Colors.xcassets in Resources */,
				552F5599297D786800E2EFBF /* Assets.xcassets in Resources */,
				55E5D3F329AEAA67003A31C0 /* Launch Screen.storyboard in Resources */,
				552F5595297D75A000E2EFBF /* GoogleService-Info.plist in Resources */,
			);
			runOnlyForDeploymentPostprocessing = 0;
		};
/* End PBXResourcesBuildPhase section */

/* Begin PBXSourcesBuildPhase section */
		55FE80D1294D066200763BE7 /* Sources */ = {
			isa = PBXSourcesBuildPhase;
			buildActionMask = 2147483647;
			files = (
				55DBD2D829982063003CC4F7 /* StateBuilderFake.swift in Sources */,
				55A9D06329A03D2600B9CD28 /* HandlerDI.swift in Sources */,
				552F558A297D672900E2EFBF /* TabBarView.swift in Sources */,
				559E604F29B40BDE00168337 /* MissingDetail.swift in Sources */,
				55A735B02985371F00C700B5 /* RepositoryDI.swift in Sources */,
				559E604729B408D200168337 /* FilterView.swift in Sources */,
				55AD011E29B3983800D32A77 /* MissingItemView.swift in Sources */,
				55DBD2E42998470D003CC4F7 /* GoogleSignInButton.swift in Sources */,
				55A9D06529A0EB0600B9CD28 /* PreviewContent.swift in Sources */,
				552F5586297D670200E2EFBF /* YourMissingView.swift in Sources */,
				559E604529B403C100168337 /* MissingAddView.swift in Sources */,
				559E604D29B40B3D00168337 /* HelpView.swift in Sources */,
				55A03E082997F61200FE8091 /* StoreBuilderFake.swift in Sources */,
				557CD4982989811000C3DB09 /* FinderLostReducer.swift in Sources */,
				552F5588297D671400E2EFBF /* MissingView.swift in Sources */,
				557CD49A2989813700C3DB09 /* FinderLostContextor.swift in Sources */,
				552F5584297D66F200E2EFBF /* ProfileView.swift in Sources */,
				559E604929B409B600168337 /* PrivacyView.swift in Sources */,
				557CD495298980E700C3DB09 /* FinderLost.swift in Sources */,
				552F559B297D791E00E2EFBF /* AppDelegate.swift in Sources */,
				55FE80D9294D066200763BE7 /* FinderLostApp.swift in Sources */,
				559E604B29B40B0B00168337 /* NotificationView.swift in Sources */,
			);
			runOnlyForDeploymentPostprocessing = 0;
		};
/* End PBXSourcesBuildPhase section */

/* Begin XCBuildConfiguration section */
		55FE80F7294D066400763BE7 /* Debug */ = {
			isa = XCBuildConfiguration;
			buildSettings = {
				ALWAYS_SEARCH_USER_PATHS = NO;
				CLANG_ANALYZER_NONNULL = YES;
				CLANG_ANALYZER_NUMBER_OBJECT_CONVERSION = YES_AGGRESSIVE;
				CLANG_CXX_LANGUAGE_STANDARD = "gnu++20";
				CLANG_ENABLE_MODULES = YES;
				CLANG_ENABLE_OBJC_ARC = YES;
				CLANG_ENABLE_OBJC_WEAK = YES;
				CLANG_WARN_BLOCK_CAPTURE_AUTORELEASING = YES;
				CLANG_WARN_BOOL_CONVERSION = YES;
				CLANG_WARN_COMMA = YES;
				CLANG_WARN_CONSTANT_CONVERSION = YES;
				CLANG_WARN_DEPRECATED_OBJC_IMPLEMENTATIONS = YES;
				CLANG_WARN_DIRECT_OBJC_ISA_USAGE = YES_ERROR;
				CLANG_WARN_DOCUMENTATION_COMMENTS = YES;
				CLANG_WARN_EMPTY_BODY = YES;
				CLANG_WARN_ENUM_CONVERSION = YES;
				CLANG_WARN_INFINITE_RECURSION = YES;
				CLANG_WARN_INT_CONVERSION = YES;
				CLANG_WARN_NON_LITERAL_NULL_CONVERSION = YES;
				CLANG_WARN_OBJC_IMPLICIT_RETAIN_SELF = YES;
				CLANG_WARN_OBJC_LITERAL_CONVERSION = YES;
				CLANG_WARN_OBJC_ROOT_CLASS = YES_ERROR;
				CLANG_WARN_QUOTED_INCLUDE_IN_FRAMEWORK_HEADER = YES;
				CLANG_WARN_RANGE_LOOP_ANALYSIS = YES;
				CLANG_WARN_STRICT_PROTOTYPES = YES;
				CLANG_WARN_SUSPICIOUS_MOVE = YES;
				CLANG_WARN_UNGUARDED_AVAILABILITY = YES_AGGRESSIVE;
				CLANG_WARN_UNREACHABLE_CODE = YES;
				CLANG_WARN__DUPLICATE_METHOD_MATCH = YES;
				COPY_PHASE_STRIP = NO;
				DEBUG_INFORMATION_FORMAT = dwarf;
				ENABLE_STRICT_OBJC_MSGSEND = YES;
				ENABLE_TESTABILITY = YES;
				GCC_C_LANGUAGE_STANDARD = gnu11;
				GCC_DYNAMIC_NO_PIC = NO;
				GCC_NO_COMMON_BLOCKS = YES;
				GCC_OPTIMIZATION_LEVEL = 0;
				GCC_PREPROCESSOR_DEFINITIONS = (
					"DEBUG=1",
					"$(inherited)",
				);
				GCC_WARN_64_TO_32_BIT_CONVERSION = YES;
				GCC_WARN_ABOUT_RETURN_TYPE = YES_ERROR;
				GCC_WARN_UNDECLARED_SELECTOR = YES;
				GCC_WARN_UNINITIALIZED_AUTOS = YES_AGGRESSIVE;
				GCC_WARN_UNUSED_FUNCTION = YES;
				GCC_WARN_UNUSED_VARIABLE = YES;
				IPHONEOS_DEPLOYMENT_TARGET = 16.0;
				MTL_ENABLE_DEBUG_INFO = INCLUDE_SOURCE;
				MTL_FAST_MATH = YES;
				ONLY_ACTIVE_ARCH = YES;
				SDKROOT = iphoneos;
				SWIFT_ACTIVE_COMPILATION_CONDITIONS = DEBUG;
				SWIFT_OPTIMIZATION_LEVEL = "-Onone";
			};
			name = Debug;
		};
		55FE80F8294D066400763BE7 /* Release */ = {
			isa = XCBuildConfiguration;
			buildSettings = {
				ALWAYS_SEARCH_USER_PATHS = NO;
				CLANG_ANALYZER_NONNULL = YES;
				CLANG_ANALYZER_NUMBER_OBJECT_CONVERSION = YES_AGGRESSIVE;
				CLANG_CXX_LANGUAGE_STANDARD = "gnu++20";
				CLANG_ENABLE_MODULES = YES;
				CLANG_ENABLE_OBJC_ARC = YES;
				CLANG_ENABLE_OBJC_WEAK = YES;
				CLANG_WARN_BLOCK_CAPTURE_AUTORELEASING = YES;
				CLANG_WARN_BOOL_CONVERSION = YES;
				CLANG_WARN_COMMA = YES;
				CLANG_WARN_CONSTANT_CONVERSION = YES;
				CLANG_WARN_DEPRECATED_OBJC_IMPLEMENTATIONS = YES;
				CLANG_WARN_DIRECT_OBJC_ISA_USAGE = YES_ERROR;
				CLANG_WARN_DOCUMENTATION_COMMENTS = YES;
				CLANG_WARN_EMPTY_BODY = YES;
				CLANG_WARN_ENUM_CONVERSION = YES;
				CLANG_WARN_INFINITE_RECURSION = YES;
				CLANG_WARN_INT_CONVERSION = YES;
				CLANG_WARN_NON_LITERAL_NULL_CONVERSION = YES;
				CLANG_WARN_OBJC_IMPLICIT_RETAIN_SELF = YES;
				CLANG_WARN_OBJC_LITERAL_CONVERSION = YES;
				CLANG_WARN_OBJC_ROOT_CLASS = YES_ERROR;
				CLANG_WARN_QUOTED_INCLUDE_IN_FRAMEWORK_HEADER = YES;
				CLANG_WARN_RANGE_LOOP_ANALYSIS = YES;
				CLANG_WARN_STRICT_PROTOTYPES = YES;
				CLANG_WARN_SUSPICIOUS_MOVE = YES;
				CLANG_WARN_UNGUARDED_AVAILABILITY = YES_AGGRESSIVE;
				CLANG_WARN_UNREACHABLE_CODE = YES;
				CLANG_WARN__DUPLICATE_METHOD_MATCH = YES;
				COPY_PHASE_STRIP = NO;
				DEBUG_INFORMATION_FORMAT = "dwarf-with-dsym";
				ENABLE_NS_ASSERTIONS = NO;
				ENABLE_STRICT_OBJC_MSGSEND = YES;
				GCC_C_LANGUAGE_STANDARD = gnu11;
				GCC_NO_COMMON_BLOCKS = YES;
				GCC_WARN_64_TO_32_BIT_CONVERSION = YES;
				GCC_WARN_ABOUT_RETURN_TYPE = YES_ERROR;
				GCC_WARN_UNDECLARED_SELECTOR = YES;
				GCC_WARN_UNINITIALIZED_AUTOS = YES_AGGRESSIVE;
				GCC_WARN_UNUSED_FUNCTION = YES;
				GCC_WARN_UNUSED_VARIABLE = YES;
				IPHONEOS_DEPLOYMENT_TARGET = 16.0;
				MTL_ENABLE_DEBUG_INFO = NO;
				MTL_FAST_MATH = YES;
				SDKROOT = iphoneos;
				SWIFT_COMPILATION_MODE = wholemodule;
				SWIFT_OPTIMIZATION_LEVEL = "-O";
				VALIDATE_PRODUCT = YES;
			};
			name = Release;
		};
		55FE80FA294D066400763BE7 /* Debug */ = {
			isa = XCBuildConfiguration;
			buildSettings = {
				ASSETCATALOG_COMPILER_APPICON_NAME = AppIcon;
				ASSETCATALOG_COMPILER_GLOBAL_ACCENT_COLOR_NAME = AccentColor;
				CODE_SIGN_STYLE = Manual;
				CURRENT_PROJECT_VERSION = 1;
				DEVELOPMENT_ASSET_PATHS = "\"FinderLost/Preview Content\"";
				DEVELOPMENT_TEAM = "";
				ENABLE_PREVIEWS = YES;
				EXCLUDED_ARCHS = "i386 x86_64";
				GENERATE_INFOPLIST_FILE = NO;
				INFOPLIST_FILE = FinderLost/Configuration/LostThings/Info/Info.plist;
				INFOPLIST_KEY_UIApplicationSceneManifest_Generation = YES;
				INFOPLIST_KEY_UIApplicationSupportsIndirectInputEvents = YES;
				INFOPLIST_KEY_UILaunchScreen_Generation = YES;
				INFOPLIST_KEY_UISupportedInterfaceOrientations = UIInterfaceOrientationPortrait;
				IPHONEOS_DEPLOYMENT_TARGET = 16.0;
				LD_RUNPATH_SEARCH_PATHS = (
					"$(inherited)",
					"@executable_path/Frameworks",
				);
				MARKETING_VERSION = 1.0;
				PRODUCT_BUNDLE_IDENTIFIER = com.finderlost.app;
				PRODUCT_NAME = "$(TARGET_NAME)";
				PROVISIONING_PROFILE_SPECIFIER = "";
				SWIFT_EMIT_LOC_STRINGS = YES;
				SWIFT_VERSION = 5.0;
				TARGETED_DEVICE_FAMILY = 1;
			};
			name = Debug;
		};
		55FE80FB294D066400763BE7 /* Release */ = {
			isa = XCBuildConfiguration;
			buildSettings = {
				ASSETCATALOG_COMPILER_APPICON_NAME = AppIcon;
				ASSETCATALOG_COMPILER_GLOBAL_ACCENT_COLOR_NAME = AccentColor;
				CODE_SIGN_STYLE = Manual;
				CURRENT_PROJECT_VERSION = 1;
				DEVELOPMENT_ASSET_PATHS = "\"FinderLost/Preview Content\"";
				DEVELOPMENT_TEAM = "";
				ENABLE_PREVIEWS = YES;
				EXCLUDED_ARCHS = "i386 x86_64";
				GENERATE_INFOPLIST_FILE = NO;
				INFOPLIST_FILE = FinderLost/Configuration/LostThings/Info/Info.plist;
				INFOPLIST_KEY_UIApplicationSceneManifest_Generation = YES;
				INFOPLIST_KEY_UIApplicationSupportsIndirectInputEvents = YES;
				INFOPLIST_KEY_UILaunchScreen_Generation = YES;
				INFOPLIST_KEY_UISupportedInterfaceOrientations = UIInterfaceOrientationPortrait;
				IPHONEOS_DEPLOYMENT_TARGET = 16.0;
				LD_RUNPATH_SEARCH_PATHS = (
					"$(inherited)",
					"@executable_path/Frameworks",
				);
				MARKETING_VERSION = 1.0;
				PRODUCT_BUNDLE_IDENTIFIER = com.finderlost.app;
				PRODUCT_NAME = "$(TARGET_NAME)";
				PROVISIONING_PROFILE_SPECIFIER = "";
				SWIFT_EMIT_LOC_STRINGS = YES;
				SWIFT_VERSION = 5.0;
				TARGETED_DEVICE_FAMILY = 1;
			};
			name = Release;
		};
/* End XCBuildConfiguration section */

/* Begin XCConfigurationList section */
		55FE80D0294D066200763BE7 /* Build configuration list for PBXProject "FinderLost" */ = {
			isa = XCConfigurationList;
			buildConfigurations = (
				55FE80F7294D066400763BE7 /* Debug */,
				55FE80F8294D066400763BE7 /* Release */,
			);
			defaultConfigurationIsVisible = 0;
			defaultConfigurationName = Release;
		};
		55FE80F9294D066400763BE7 /* Build configuration list for PBXNativeTarget "FinderLost" */ = {
			isa = XCConfigurationList;
			buildConfigurations = (
				55FE80FA294D066400763BE7 /* Debug */,
				55FE80FB294D066400763BE7 /* Release */,
			);
			defaultConfigurationIsVisible = 0;
			defaultConfigurationName = Release;
		};
/* End XCConfigurationList section */

/* Begin XCRemoteSwiftPackageReference section */
		552F558F297D739300E2EFBF /* XCRemoteSwiftPackageReference "firebase-ios-sdk" */ = {
			isa = XCRemoteSwiftPackageReference;
			repositoryURL = "https://github.com/firebase/firebase-ios-sdk.git";
			requirement = {
				kind = upToNextMajorVersion;
				minimumVersion = 9.0.0;
			};
		};
		557CD4A9298991E300C3DB09 /* XCRemoteSwiftPackageReference "Factory" */ = {
			isa = XCRemoteSwiftPackageReference;
			repositoryURL = "git@github.com:hmlongco/Factory.git";
			requirement = {
				kind = upToNextMajorVersion;
				minimumVersion = 1.0.0;
			};
		};
		5591F660297F2341007F7A1C /* XCRemoteSwiftPackageReference "GoogleSignIn-iOS" */ = {
			isa = XCRemoteSwiftPackageReference;
			repositoryURL = "https://github.com/google/GoogleSignIn-iOS";
			requirement = {
				kind = upToNextMajorVersion;
				minimumVersion = 7.0.0;
			};
		};
		55ACBBB9299AE865008288E5 /* XCRemoteSwiftPackageReference "SwifterSwift" */ = {
			isa = XCRemoteSwiftPackageReference;
			repositoryURL = "https://github.com/SwifterSwift/SwifterSwift.git";
			requirement = {
				kind = upToNextMajorVersion;
				minimumVersion = 5.0.0;
			};
		};
/* End XCRemoteSwiftPackageReference section */

/* Begin XCSwiftPackageProductDependency section */
		552F5590297D739300E2EFBF /* FirebaseAuth */ = {
			isa = XCSwiftPackageProductDependency;
			package = 552F558F297D739300E2EFBF /* XCRemoteSwiftPackageReference "firebase-ios-sdk" */;
			productName = FirebaseAuth;
		};
		557CD4AA298991E300C3DB09 /* Factory */ = {
			isa = XCSwiftPackageProductDependency;
			package = 557CD4A9298991E300C3DB09 /* XCRemoteSwiftPackageReference "Factory" */;
			productName = Factory;
		};
		5591F661297F2341007F7A1C /* GoogleSignIn */ = {
			isa = XCSwiftPackageProductDependency;
			package = 5591F660297F2341007F7A1C /* XCRemoteSwiftPackageReference "GoogleSignIn-iOS" */;
			productName = GoogleSignIn;
		};
		55A03E032997EFC000FE8091 /* Data */ = {
			isa = XCSwiftPackageProductDependency;
			productName = Data;
		};
		55A9D060299FFFE400B9CD28 /* Module */ = {
			isa = XCSwiftPackageProductDependency;
			productName = Module;
		};
		55ACBBBA299AE865008288E5 /* SwifterSwift */ = {
			isa = XCSwiftPackageProductDependency;
			package = 55ACBBB9299AE865008288E5 /* XCRemoteSwiftPackageReference "SwifterSwift" */;
			productName = SwifterSwift;
		};
		55DBD2CD2997C3D6003CC4F7 /* Domain */ = {
			isa = XCSwiftPackageProductDependency;
			productName = Domain;
		};
		55DBD2CF2997C3E1003CC4F7 /* Redux */ = {
			isa = XCSwiftPackageProductDependency;
			productName = Redux;
		};
		55DBD2D12997C3EB003CC4F7 /* Utilities */ = {
			isa = XCSwiftPackageProductDependency;
			productName = Utilities;
		};
		55DBD2D329981A16003CC4F7 /* GoogleSignInSwift */ = {
			isa = XCSwiftPackageProductDependency;
			package = 5591F660297F2341007F7A1C /* XCRemoteSwiftPackageReference "GoogleSignIn-iOS" */;
			productName = GoogleSignInSwift;
		};
		55DBD2DD29983242003CC4F7 /* DesignSystem */ = {
			isa = XCSwiftPackageProductDependency;
			productName = DesignSystem;
		};
/* End XCSwiftPackageProductDependency section */
	};
	rootObject = 55FE80CD294D066200763BE7 /* Project object */;
}
