// !$*UTF8*$!
{
	archiveVersion = 1;
	classes = {
	};
	objectVersion = 56;
	objects = {

/* Begin PBXBuildFile section */
		552F5577297D428500E2EFBF /* AppState.swift in Sources */ = {isa = PBXBuildFile; fileRef = 552F5576297D428500E2EFBF /* AppState.swift */; };
		552F5579297D429600E2EFBF /* AppAction.swift in Sources */ = {isa = PBXBuildFile; fileRef = 552F5578297D429600E2EFBF /* AppAction.swift */; };
		552F557B297D42A600E2EFBF /* Reducer.swift in Sources */ = {isa = PBXBuildFile; fileRef = 552F557A297D42A600E2EFBF /* Reducer.swift */; };
		552F557F297D42D200E2EFBF /* Store.swift in Sources */ = {isa = PBXBuildFile; fileRef = 552F557E297D42D200E2EFBF /* Store.swift */; };
		552F5581297D4D3500E2EFBF /* StoreTests.swift in Sources */ = {isa = PBXBuildFile; fileRef = 552F5580297D4D3500E2EFBF /* StoreTests.swift */; };
		552F5584297D66F200E2EFBF /* UserPreferencesView.swift in Sources */ = {isa = PBXBuildFile; fileRef = 552F5583297D66F200E2EFBF /* UserPreferencesView.swift */; };
		552F5586297D670200E2EFBF /* SearchView.swift in Sources */ = {isa = PBXBuildFile; fileRef = 552F5585297D670200E2EFBF /* SearchView.swift */; };
		552F5588297D671400E2EFBF /* HomeView.swift in Sources */ = {isa = PBXBuildFile; fileRef = 552F5587297D671400E2EFBF /* HomeView.swift */; };
		552F558A297D672900E2EFBF /* TabBarView.swift in Sources */ = {isa = PBXBuildFile; fileRef = 552F5589297D672900E2EFBF /* TabBarView.swift */; };
		552F5591297D739300E2EFBF /* FirebaseAuth in Frameworks */ = {isa = PBXBuildFile; productRef = 552F5590297D739300E2EFBF /* FirebaseAuth */; };
		552F5595297D75A000E2EFBF /* GoogleService-Info.plist in Resources */ = {isa = PBXBuildFile; fileRef = 552F5594297D75A000E2EFBF /* GoogleService-Info.plist */; };
		552F5599297D786800E2EFBF /* Assets.xcassets in Resources */ = {isa = PBXBuildFile; fileRef = 552F5598297D786800E2EFBF /* Assets.xcassets */; };
		552F559B297D791E00E2EFBF /* AppDelegate.swift in Sources */ = {isa = PBXBuildFile; fileRef = 552F559A297D791E00E2EFBF /* AppDelegate.swift */; };
		55FE80D9294D066200763BE7 /* FinderLostApp.swift in Sources */ = {isa = PBXBuildFile; fileRef = 55FE80D8294D066200763BE7 /* FinderLostApp.swift */; };
		55FE80E0294D066400763BE7 /* Preview Assets.xcassets in Resources */ = {isa = PBXBuildFile; fileRef = 55FE80DF294D066400763BE7 /* Preview Assets.xcassets */; };
		55FE80EA294D066400763BE7 /* AppStateTests.swift in Sources */ = {isa = PBXBuildFile; fileRef = 55FE80E9294D066400763BE7 /* AppStateTests.swift */; };
		55FE80F4294D066400763BE7 /* FinderLostUITests.swift in Sources */ = {isa = PBXBuildFile; fileRef = 55FE80F3294D066400763BE7 /* FinderLostUITests.swift */; };
		55FE80F6294D066400763BE7 /* FinderLostUITestsLaunchTests.swift in Sources */ = {isa = PBXBuildFile; fileRef = 55FE80F5294D066400763BE7 /* FinderLostUITestsLaunchTests.swift */; };
/* End PBXBuildFile section */

/* Begin PBXContainerItemProxy section */
		55FE80E6294D066400763BE7 /* PBXContainerItemProxy */ = {
			isa = PBXContainerItemProxy;
			containerPortal = 55FE80CD294D066200763BE7 /* Project object */;
			proxyType = 1;
			remoteGlobalIDString = 55FE80D4294D066200763BE7;
			remoteInfo = FinderLost;
		};
		55FE80F0294D066400763BE7 /* PBXContainerItemProxy */ = {
			isa = PBXContainerItemProxy;
			containerPortal = 55FE80CD294D066200763BE7 /* Project object */;
			proxyType = 1;
			remoteGlobalIDString = 55FE80D4294D066200763BE7;
			remoteInfo = FinderLost;
		};
/* End PBXContainerItemProxy section */

/* Begin PBXFileReference section */
		552F5576297D428500E2EFBF /* AppState.swift */ = {isa = PBXFileReference; lastKnownFileType = sourcecode.swift; path = AppState.swift; sourceTree = "<group>"; };
		552F5578297D429600E2EFBF /* AppAction.swift */ = {isa = PBXFileReference; lastKnownFileType = sourcecode.swift; path = AppAction.swift; sourceTree = "<group>"; };
		552F557A297D42A600E2EFBF /* Reducer.swift */ = {isa = PBXFileReference; lastKnownFileType = sourcecode.swift; path = Reducer.swift; sourceTree = "<group>"; };
		552F557E297D42D200E2EFBF /* Store.swift */ = {isa = PBXFileReference; lastKnownFileType = sourcecode.swift; path = Store.swift; sourceTree = "<group>"; };
		552F5580297D4D3500E2EFBF /* StoreTests.swift */ = {isa = PBXFileReference; lastKnownFileType = sourcecode.swift; path = StoreTests.swift; sourceTree = "<group>"; };
		552F5583297D66F200E2EFBF /* UserPreferencesView.swift */ = {isa = PBXFileReference; lastKnownFileType = sourcecode.swift; path = UserPreferencesView.swift; sourceTree = "<group>"; };
		552F5585297D670200E2EFBF /* SearchView.swift */ = {isa = PBXFileReference; lastKnownFileType = sourcecode.swift; path = SearchView.swift; sourceTree = "<group>"; };
		552F5587297D671400E2EFBF /* HomeView.swift */ = {isa = PBXFileReference; lastKnownFileType = sourcecode.swift; path = HomeView.swift; sourceTree = "<group>"; };
		552F5589297D672900E2EFBF /* TabBarView.swift */ = {isa = PBXFileReference; lastKnownFileType = sourcecode.swift; path = TabBarView.swift; sourceTree = "<group>"; };
		552F5594297D75A000E2EFBF /* GoogleService-Info.plist */ = {isa = PBXFileReference; fileEncoding = 4; lastKnownFileType = text.plist.xml; path = "GoogleService-Info.plist"; sourceTree = "<group>"; };
		552F5598297D786800E2EFBF /* Assets.xcassets */ = {isa = PBXFileReference; lastKnownFileType = folder.assetcatalog; path = Assets.xcassets; sourceTree = "<group>"; };
		552F559A297D791E00E2EFBF /* AppDelegate.swift */ = {isa = PBXFileReference; lastKnownFileType = sourcecode.swift; path = AppDelegate.swift; sourceTree = "<group>"; };
		55FE80D5294D066200763BE7 /* FinderLost.app */ = {isa = PBXFileReference; explicitFileType = wrapper.application; includeInIndex = 0; path = FinderLost.app; sourceTree = BUILT_PRODUCTS_DIR; };
		55FE80D8294D066200763BE7 /* FinderLostApp.swift */ = {isa = PBXFileReference; lastKnownFileType = sourcecode.swift; path = FinderLostApp.swift; sourceTree = "<group>"; };
		55FE80DF294D066400763BE7 /* Preview Assets.xcassets */ = {isa = PBXFileReference; lastKnownFileType = folder.assetcatalog; path = "Preview Assets.xcassets"; sourceTree = "<group>"; };
		55FE80E5294D066400763BE7 /* FinderLostTests.xctest */ = {isa = PBXFileReference; explicitFileType = wrapper.cfbundle; includeInIndex = 0; path = FinderLostTests.xctest; sourceTree = BUILT_PRODUCTS_DIR; };
		55FE80E9294D066400763BE7 /* AppStateTests.swift */ = {isa = PBXFileReference; lastKnownFileType = sourcecode.swift; path = AppStateTests.swift; sourceTree = "<group>"; };
		55FE80EF294D066400763BE7 /* FinderLostUITests.xctest */ = {isa = PBXFileReference; explicitFileType = wrapper.cfbundle; includeInIndex = 0; path = FinderLostUITests.xctest; sourceTree = BUILT_PRODUCTS_DIR; };
		55FE80F3294D066400763BE7 /* FinderLostUITests.swift */ = {isa = PBXFileReference; lastKnownFileType = sourcecode.swift; path = FinderLostUITests.swift; sourceTree = "<group>"; };
		55FE80F5294D066400763BE7 /* FinderLostUITestsLaunchTests.swift */ = {isa = PBXFileReference; lastKnownFileType = sourcecode.swift; path = FinderLostUITestsLaunchTests.swift; sourceTree = "<group>"; };
/* End PBXFileReference section */

/* Begin PBXFrameworksBuildPhase section */
		55FE80D2294D066200763BE7 /* Frameworks */ = {
			isa = PBXFrameworksBuildPhase;
			buildActionMask = 2147483647;
			files = (
				552F5591297D739300E2EFBF /* FirebaseAuth in Frameworks */,
			);
			runOnlyForDeploymentPostprocessing = 0;
		};
		55FE80E2294D066400763BE7 /* Frameworks */ = {
			isa = PBXFrameworksBuildPhase;
			buildActionMask = 2147483647;
			files = (
			);
			runOnlyForDeploymentPostprocessing = 0;
		};
		55FE80EC294D066400763BE7 /* Frameworks */ = {
			isa = PBXFrameworksBuildPhase;
			buildActionMask = 2147483647;
			files = (
			);
			runOnlyForDeploymentPostprocessing = 0;
		};
/* End PBXFrameworksBuildPhase section */

/* Begin PBXGroup section */
		552F5575297D426D00E2EFBF /* CommonConfiguration */ = {
			isa = PBXGroup;
			children = (
				552F559A297D791E00E2EFBF /* AppDelegate.swift */,
				55FE80D8294D066200763BE7 /* FinderLostApp.swift */,
			);
			path = CommonConfiguration;
			sourceTree = "<group>";
		};
		552F5582297D66E000E2EFBF /* App */ = {
			isa = PBXGroup;
			children = (
				552F5587297D671400E2EFBF /* HomeView.swift */,
				552F5585297D670200E2EFBF /* SearchView.swift */,
				552F5589297D672900E2EFBF /* TabBarView.swift */,
				552F5583297D66F200E2EFBF /* UserPreferencesView.swift */,
			);
			path = App;
			sourceTree = "<group>";
		};
		552F5592297D752100E2EFBF /* LostThings */ = {
			isa = PBXGroup;
			children = (
				552F5596297D75A700E2EFBF /* Resource */,
				552F5593297D757A00E2EFBF /* Firebase */,
			);
			path = LostThings;
			sourceTree = "<group>";
		};
		552F5593297D757A00E2EFBF /* Firebase */ = {
			isa = PBXGroup;
			children = (
				552F5594297D75A000E2EFBF /* GoogleService-Info.plist */,
			);
			path = Firebase;
			sourceTree = "<group>";
		};
		552F5596297D75A700E2EFBF /* Resource */ = {
			isa = PBXGroup;
			children = (
				552F5598297D786800E2EFBF /* Assets.xcassets */,
			);
			path = Resource;
			sourceTree = "<group>";
		};
		552F5597297D777E00E2EFBF /* Configuration */ = {
			isa = PBXGroup;
			children = (
				552F5575297D426D00E2EFBF /* CommonConfiguration */,
				552F5592297D752100E2EFBF /* LostThings */,
			);
			path = Configuration;
			sourceTree = "<group>";
		};
		552F559C297D794500E2EFBF /* Architecture */ = {
			isa = PBXGroup;
			children = (
				552F5578297D429600E2EFBF /* AppAction.swift */,
				552F5576297D428500E2EFBF /* AppState.swift */,
				552F557A297D42A600E2EFBF /* Reducer.swift */,
				552F557E297D42D200E2EFBF /* Store.swift */,
			);
			path = Architecture;
			sourceTree = "<group>";
		};
		55FE80CC294D066200763BE7 = {
			isa = PBXGroup;
			children = (
				55FE80D7294D066200763BE7 /* FinderLost */,
				55FE80E8294D066400763BE7 /* FinderLostTests */,
				55FE80F2294D066400763BE7 /* FinderLostUITests */,
				55FE80D6294D066200763BE7 /* Products */,
			);
			sourceTree = "<group>";
		};
		55FE80D6294D066200763BE7 /* Products */ = {
			isa = PBXGroup;
			children = (
				55FE80D5294D066200763BE7 /* FinderLost.app */,
				55FE80E5294D066400763BE7 /* FinderLostTests.xctest */,
				55FE80EF294D066400763BE7 /* FinderLostUITests.xctest */,
			);
			name = Products;
			sourceTree = "<group>";
		};
		55FE80D7294D066200763BE7 /* FinderLost */ = {
			isa = PBXGroup;
			children = (
				552F5582297D66E000E2EFBF /* App */,
				552F559C297D794500E2EFBF /* Architecture */,
				552F5597297D777E00E2EFBF /* Configuration */,
				55FE80DE294D066400763BE7 /* Preview Content */,
			);
			path = FinderLost;
			sourceTree = "<group>";
		};
		55FE80DE294D066400763BE7 /* Preview Content */ = {
			isa = PBXGroup;
			children = (
				55FE80DF294D066400763BE7 /* Preview Assets.xcassets */,
			);
			path = "Preview Content";
			sourceTree = "<group>";
		};
		55FE80E8294D066400763BE7 /* FinderLostTests */ = {
			isa = PBXGroup;
			children = (
				55FE80E9294D066400763BE7 /* AppStateTests.swift */,
				552F5580297D4D3500E2EFBF /* StoreTests.swift */,
			);
			path = FinderLostTests;
			sourceTree = "<group>";
		};
		55FE80F2294D066400763BE7 /* FinderLostUITests */ = {
			isa = PBXGroup;
			children = (
				55FE80F3294D066400763BE7 /* FinderLostUITests.swift */,
				55FE80F5294D066400763BE7 /* FinderLostUITestsLaunchTests.swift */,
			);
			path = FinderLostUITests;
			sourceTree = "<group>";
		};
/* End PBXGroup section */

/* Begin PBXNativeTarget section */
		55FE80D4294D066200763BE7 /* FinderLost */ = {
			isa = PBXNativeTarget;
			buildConfigurationList = 55FE80F9294D066400763BE7 /* Build configuration list for PBXNativeTarget "FinderLost" */;
			buildPhases = (
				55FE80D1294D066200763BE7 /* Sources */,
				55FE80D2294D066200763BE7 /* Frameworks */,
				55FE80D3294D066200763BE7 /* Resources */,
			);
			buildRules = (
			);
			dependencies = (
			);
			name = FinderLost;
			packageProductDependencies = (
				552F5590297D739300E2EFBF /* FirebaseAuth */,
			);
			productName = FinderLost;
			productReference = 55FE80D5294D066200763BE7 /* FinderLost.app */;
			productType = "com.apple.product-type.application";
		};
		55FE80E4294D066400763BE7 /* FinderLostTests */ = {
			isa = PBXNativeTarget;
			buildConfigurationList = 55FE80FC294D066400763BE7 /* Build configuration list for PBXNativeTarget "FinderLostTests" */;
			buildPhases = (
				55FE80E1294D066400763BE7 /* Sources */,
				55FE80E2294D066400763BE7 /* Frameworks */,
				55FE80E3294D066400763BE7 /* Resources */,
			);
			buildRules = (
			);
			dependencies = (
				55FE80E7294D066400763BE7 /* PBXTargetDependency */,
			);
			name = FinderLostTests;
			productName = FinderLostTests;
			productReference = 55FE80E5294D066400763BE7 /* FinderLostTests.xctest */;
			productType = "com.apple.product-type.bundle.unit-test";
		};
		55FE80EE294D066400763BE7 /* FinderLostUITests */ = {
			isa = PBXNativeTarget;
			buildConfigurationList = 55FE80FF294D066400763BE7 /* Build configuration list for PBXNativeTarget "FinderLostUITests" */;
			buildPhases = (
				55FE80EB294D066400763BE7 /* Sources */,
				55FE80EC294D066400763BE7 /* Frameworks */,
				55FE80ED294D066400763BE7 /* Resources */,
			);
			buildRules = (
			);
			dependencies = (
				55FE80F1294D066400763BE7 /* PBXTargetDependency */,
			);
			name = FinderLostUITests;
			productName = FinderLostUITests;
			productReference = 55FE80EF294D066400763BE7 /* FinderLostUITests.xctest */;
			productType = "com.apple.product-type.bundle.ui-testing";
		};
/* End PBXNativeTarget section */

/* Begin PBXProject section */
		55FE80CD294D066200763BE7 /* Project object */ = {
			isa = PBXProject;
			attributes = {
				BuildIndependentTargetsInParallel = 1;
				LastSwiftUpdateCheck = 1410;
				LastUpgradeCheck = 1410;
				TargetAttributes = {
					55FE80D4294D066200763BE7 = {
						CreatedOnToolsVersion = 14.1;
					};
					55FE80E4294D066400763BE7 = {
						CreatedOnToolsVersion = 14.1;
						TestTargetID = 55FE80D4294D066200763BE7;
					};
					55FE80EE294D066400763BE7 = {
						CreatedOnToolsVersion = 14.1;
						TestTargetID = 55FE80D4294D066200763BE7;
					};
				};
			};
			buildConfigurationList = 55FE80D0294D066200763BE7 /* Build configuration list for PBXProject "FinderLost" */;
			compatibilityVersion = "Xcode 14.0";
			developmentRegion = en;
			hasScannedForEncodings = 0;
			knownRegions = (
				en,
				Base,
			);
			mainGroup = 55FE80CC294D066200763BE7;
			packageReferences = (
				552F558F297D739300E2EFBF /* XCRemoteSwiftPackageReference "firebase-ios-sdk" */,
			);
			productRefGroup = 55FE80D6294D066200763BE7 /* Products */;
			projectDirPath = "";
			projectRoot = "";
			targets = (
				55FE80D4294D066200763BE7 /* FinderLost */,
				55FE80E4294D066400763BE7 /* FinderLostTests */,
				55FE80EE294D066400763BE7 /* FinderLostUITests */,
			);
		};
/* End PBXProject section */

/* Begin PBXResourcesBuildPhase section */
		55FE80D3294D066200763BE7 /* Resources */ = {
			isa = PBXResourcesBuildPhase;
			buildActionMask = 2147483647;
			files = (
				55FE80E0294D066400763BE7 /* Preview Assets.xcassets in Resources */,
				552F5599297D786800E2EFBF /* Assets.xcassets in Resources */,
				552F5595297D75A000E2EFBF /* GoogleService-Info.plist in Resources */,
			);
			runOnlyForDeploymentPostprocessing = 0;
		};
		55FE80E3294D066400763BE7 /* Resources */ = {
			isa = PBXResourcesBuildPhase;
			buildActionMask = 2147483647;
			files = (
			);
			runOnlyForDeploymentPostprocessing = 0;
		};
		55FE80ED294D066400763BE7 /* Resources */ = {
			isa = PBXResourcesBuildPhase;
			buildActionMask = 2147483647;
			files = (
			);
			runOnlyForDeploymentPostprocessing = 0;
		};
/* End PBXResourcesBuildPhase section */

/* Begin PBXSourcesBuildPhase section */
		55FE80D1294D066200763BE7 /* Sources */ = {
			isa = PBXSourcesBuildPhase;
			buildActionMask = 2147483647;
			files = (
				552F557F297D42D200E2EFBF /* Store.swift in Sources */,
				552F558A297D672900E2EFBF /* TabBarView.swift in Sources */,
				552F5577297D428500E2EFBF /* AppState.swift in Sources */,
				552F5579297D429600E2EFBF /* AppAction.swift in Sources */,
				552F5586297D670200E2EFBF /* SearchView.swift in Sources */,
				552F557B297D42A600E2EFBF /* Reducer.swift in Sources */,
				552F5588297D671400E2EFBF /* HomeView.swift in Sources */,
				552F5584297D66F200E2EFBF /* UserPreferencesView.swift in Sources */,
				552F559B297D791E00E2EFBF /* AppDelegate.swift in Sources */,
				55FE80D9294D066200763BE7 /* FinderLostApp.swift in Sources */,
			);
			runOnlyForDeploymentPostprocessing = 0;
		};
		55FE80E1294D066400763BE7 /* Sources */ = {
			isa = PBXSourcesBuildPhase;
			buildActionMask = 2147483647;
			files = (
				55FE80EA294D066400763BE7 /* AppStateTests.swift in Sources */,
				552F5581297D4D3500E2EFBF /* StoreTests.swift in Sources */,
			);
			runOnlyForDeploymentPostprocessing = 0;
		};
		55FE80EB294D066400763BE7 /* Sources */ = {
			isa = PBXSourcesBuildPhase;
			buildActionMask = 2147483647;
			files = (
				55FE80F6294D066400763BE7 /* FinderLostUITestsLaunchTests.swift in Sources */,
				55FE80F4294D066400763BE7 /* FinderLostUITests.swift in Sources */,
			);
			runOnlyForDeploymentPostprocessing = 0;
		};
/* End PBXSourcesBuildPhase section */

/* Begin PBXTargetDependency section */
		55FE80E7294D066400763BE7 /* PBXTargetDependency */ = {
			isa = PBXTargetDependency;
			target = 55FE80D4294D066200763BE7 /* FinderLost */;
			targetProxy = 55FE80E6294D066400763BE7 /* PBXContainerItemProxy */;
		};
		55FE80F1294D066400763BE7 /* PBXTargetDependency */ = {
			isa = PBXTargetDependency;
			target = 55FE80D4294D066200763BE7 /* FinderLost */;
			targetProxy = 55FE80F0294D066400763BE7 /* PBXContainerItemProxy */;
		};
/* End PBXTargetDependency section */

/* Begin XCBuildConfiguration section */
		55FE80F7294D066400763BE7 /* Debug */ = {
			isa = XCBuildConfiguration;
			buildSettings = {
				ALWAYS_SEARCH_USER_PATHS = NO;
				CLANG_ANALYZER_NONNULL = YES;
				CLANG_ANALYZER_NUMBER_OBJECT_CONVERSION = YES_AGGRESSIVE;
				CLANG_CXX_LANGUAGE_STANDARD = "gnu++20";
				CLANG_ENABLE_MODULES = YES;
				CLANG_ENABLE_OBJC_ARC = YES;
				CLANG_ENABLE_OBJC_WEAK = YES;
				CLANG_WARN_BLOCK_CAPTURE_AUTORELEASING = YES;
				CLANG_WARN_BOOL_CONVERSION = YES;
				CLANG_WARN_COMMA = YES;
				CLANG_WARN_CONSTANT_CONVERSION = YES;
				CLANG_WARN_DEPRECATED_OBJC_IMPLEMENTATIONS = YES;
				CLANG_WARN_DIRECT_OBJC_ISA_USAGE = YES_ERROR;
				CLANG_WARN_DOCUMENTATION_COMMENTS = YES;
				CLANG_WARN_EMPTY_BODY = YES;
				CLANG_WARN_ENUM_CONVERSION = YES;
				CLANG_WARN_INFINITE_RECURSION = YES;
				CLANG_WARN_INT_CONVERSION = YES;
				CLANG_WARN_NON_LITERAL_NULL_CONVERSION = YES;
				CLANG_WARN_OBJC_IMPLICIT_RETAIN_SELF = YES;
				CLANG_WARN_OBJC_LITERAL_CONVERSION = YES;
				CLANG_WARN_OBJC_ROOT_CLASS = YES_ERROR;
				CLANG_WARN_QUOTED_INCLUDE_IN_FRAMEWORK_HEADER = YES;
				CLANG_WARN_RANGE_LOOP_ANALYSIS = YES;
				CLANG_WARN_STRICT_PROTOTYPES = YES;
				CLANG_WARN_SUSPICIOUS_MOVE = YES;
				CLANG_WARN_UNGUARDED_AVAILABILITY = YES_AGGRESSIVE;
				CLANG_WARN_UNREACHABLE_CODE = YES;
				CLANG_WARN__DUPLICATE_METHOD_MATCH = YES;
				COPY_PHASE_STRIP = NO;
				DEBUG_INFORMATION_FORMAT = dwarf;
				ENABLE_STRICT_OBJC_MSGSEND = YES;
				ENABLE_TESTABILITY = YES;
				GCC_C_LANGUAGE_STANDARD = gnu11;
				GCC_DYNAMIC_NO_PIC = NO;
				GCC_NO_COMMON_BLOCKS = YES;
				GCC_OPTIMIZATION_LEVEL = 0;
				GCC_PREPROCESSOR_DEFINITIONS = (
					"DEBUG=1",
					"$(inherited)",
				);
				GCC_WARN_64_TO_32_BIT_CONVERSION = YES;
				GCC_WARN_ABOUT_RETURN_TYPE = YES_ERROR;
				GCC_WARN_UNDECLARED_SELECTOR = YES;
				GCC_WARN_UNINITIALIZED_AUTOS = YES_AGGRESSIVE;
				GCC_WARN_UNUSED_FUNCTION = YES;
				GCC_WARN_UNUSED_VARIABLE = YES;
				IPHONEOS_DEPLOYMENT_TARGET = 16.1;
				MTL_ENABLE_DEBUG_INFO = INCLUDE_SOURCE;
				MTL_FAST_MATH = YES;
				ONLY_ACTIVE_ARCH = YES;
				SDKROOT = iphoneos;
				SWIFT_ACTIVE_COMPILATION_CONDITIONS = DEBUG;
				SWIFT_OPTIMIZATION_LEVEL = "-Onone";
			};
			name = Debug;
		};
		55FE80F8294D066400763BE7 /* Release */ = {
			isa = XCBuildConfiguration;
			buildSettings = {
				ALWAYS_SEARCH_USER_PATHS = NO;
				CLANG_ANALYZER_NONNULL = YES;
				CLANG_ANALYZER_NUMBER_OBJECT_CONVERSION = YES_AGGRESSIVE;
				CLANG_CXX_LANGUAGE_STANDARD = "gnu++20";
				CLANG_ENABLE_MODULES = YES;
				CLANG_ENABLE_OBJC_ARC = YES;
				CLANG_ENABLE_OBJC_WEAK = YES;
				CLANG_WARN_BLOCK_CAPTURE_AUTORELEASING = YES;
				CLANG_WARN_BOOL_CONVERSION = YES;
				CLANG_WARN_COMMA = YES;
				CLANG_WARN_CONSTANT_CONVERSION = YES;
				CLANG_WARN_DEPRECATED_OBJC_IMPLEMENTATIONS = YES;
				CLANG_WARN_DIRECT_OBJC_ISA_USAGE = YES_ERROR;
				CLANG_WARN_DOCUMENTATION_COMMENTS = YES;
				CLANG_WARN_EMPTY_BODY = YES;
				CLANG_WARN_ENUM_CONVERSION = YES;
				CLANG_WARN_INFINITE_RECURSION = YES;
				CLANG_WARN_INT_CONVERSION = YES;
				CLANG_WARN_NON_LITERAL_NULL_CONVERSION = YES;
				CLANG_WARN_OBJC_IMPLICIT_RETAIN_SELF = YES;
				CLANG_WARN_OBJC_LITERAL_CONVERSION = YES;
				CLANG_WARN_OBJC_ROOT_CLASS = YES_ERROR;
				CLANG_WARN_QUOTED_INCLUDE_IN_FRAMEWORK_HEADER = YES;
				CLANG_WARN_RANGE_LOOP_ANALYSIS = YES;
				CLANG_WARN_STRICT_PROTOTYPES = YES;
				CLANG_WARN_SUSPICIOUS_MOVE = YES;
				CLANG_WARN_UNGUARDED_AVAILABILITY = YES_AGGRESSIVE;
				CLANG_WARN_UNREACHABLE_CODE = YES;
				CLANG_WARN__DUPLICATE_METHOD_MATCH = YES;
				COPY_PHASE_STRIP = NO;
				DEBUG_INFORMATION_FORMAT = "dwarf-with-dsym";
				ENABLE_NS_ASSERTIONS = NO;
				ENABLE_STRICT_OBJC_MSGSEND = YES;
				GCC_C_LANGUAGE_STANDARD = gnu11;
				GCC_NO_COMMON_BLOCKS = YES;
				GCC_WARN_64_TO_32_BIT_CONVERSION = YES;
				GCC_WARN_ABOUT_RETURN_TYPE = YES_ERROR;
				GCC_WARN_UNDECLARED_SELECTOR = YES;
				GCC_WARN_UNINITIALIZED_AUTOS = YES_AGGRESSIVE;
				GCC_WARN_UNUSED_FUNCTION = YES;
				GCC_WARN_UNUSED_VARIABLE = YES;
				IPHONEOS_DEPLOYMENT_TARGET = 16.1;
				MTL_ENABLE_DEBUG_INFO = NO;
				MTL_FAST_MATH = YES;
				SDKROOT = iphoneos;
				SWIFT_COMPILATION_MODE = wholemodule;
				SWIFT_OPTIMIZATION_LEVEL = "-O";
				VALIDATE_PRODUCT = YES;
			};
			name = Release;
		};
		55FE80FA294D066400763BE7 /* Debug */ = {
			isa = XCBuildConfiguration;
			buildSettings = {
				ASSETCATALOG_COMPILER_APPICON_NAME = AppIcon;
				ASSETCATALOG_COMPILER_GLOBAL_ACCENT_COLOR_NAME = AccentColor;
				CODE_SIGN_STYLE = Manual;
				CURRENT_PROJECT_VERSION = 1;
				DEVELOPMENT_ASSET_PATHS = "\"FinderLost/Preview Content\"";
				DEVELOPMENT_TEAM = "";
				ENABLE_PREVIEWS = YES;
				GENERATE_INFOPLIST_FILE = YES;
				INFOPLIST_KEY_UIApplicationSceneManifest_Generation = YES;
				INFOPLIST_KEY_UIApplicationSupportsIndirectInputEvents = YES;
				INFOPLIST_KEY_UILaunchScreen_Generation = YES;
				INFOPLIST_KEY_UISupportedInterfaceOrientations = UIInterfaceOrientationPortrait;
				LD_RUNPATH_SEARCH_PATHS = (
					"$(inherited)",
					"@executable_path/Frameworks",
				);
				MARKETING_VERSION = 1.0;
				PRODUCT_BUNDLE_IDENTIFIER = com.finderlost.app;
				PRODUCT_NAME = "$(TARGET_NAME)";
				PROVISIONING_PROFILE_SPECIFIER = "";
				SWIFT_EMIT_LOC_STRINGS = YES;
				SWIFT_VERSION = 5.0;
				TARGETED_DEVICE_FAMILY = "1,2";
			};
			name = Debug;
		};
		55FE80FB294D066400763BE7 /* Release */ = {
			isa = XCBuildConfiguration;
			buildSettings = {
				ASSETCATALOG_COMPILER_APPICON_NAME = AppIcon;
				ASSETCATALOG_COMPILER_GLOBAL_ACCENT_COLOR_NAME = AccentColor;
				CODE_SIGN_STYLE = Manual;
				CURRENT_PROJECT_VERSION = 1;
				DEVELOPMENT_ASSET_PATHS = "\"FinderLost/Preview Content\"";
				DEVELOPMENT_TEAM = "";
				ENABLE_PREVIEWS = YES;
				GENERATE_INFOPLIST_FILE = YES;
				INFOPLIST_KEY_UIApplicationSceneManifest_Generation = YES;
				INFOPLIST_KEY_UIApplicationSupportsIndirectInputEvents = YES;
				INFOPLIST_KEY_UILaunchScreen_Generation = YES;
				INFOPLIST_KEY_UISupportedInterfaceOrientations = UIInterfaceOrientationPortrait;
				LD_RUNPATH_SEARCH_PATHS = (
					"$(inherited)",
					"@executable_path/Frameworks",
				);
				MARKETING_VERSION = 1.0;
				PRODUCT_BUNDLE_IDENTIFIER = com.finderlost.app;
				PRODUCT_NAME = "$(TARGET_NAME)";
				PROVISIONING_PROFILE_SPECIFIER = "";
				SWIFT_EMIT_LOC_STRINGS = YES;
				SWIFT_VERSION = 5.0;
				TARGETED_DEVICE_FAMILY = "1,2";
			};
			name = Release;
		};
		55FE80FD294D066400763BE7 /* Debug */ = {
			isa = XCBuildConfiguration;
			buildSettings = {
				ALWAYS_EMBED_SWIFT_STANDARD_LIBRARIES = YES;
				BUNDLE_LOADER = "$(TEST_HOST)";
				CODE_SIGN_STYLE = Automatic;
				CURRENT_PROJECT_VERSION = 1;
				DEVELOPMENT_TEAM = 3Y8G83BS5M;
				GENERATE_INFOPLIST_FILE = YES;
				IPHONEOS_DEPLOYMENT_TARGET = 16.1;
				MARKETING_VERSION = 1.0;
				PRODUCT_BUNDLE_IDENTIFIER = com.finderlost.FinderLostTests;
				PRODUCT_NAME = "$(TARGET_NAME)";
				SWIFT_EMIT_LOC_STRINGS = NO;
				SWIFT_VERSION = 5.0;
				TARGETED_DEVICE_FAMILY = "1,2";
				TEST_HOST = "$(BUILT_PRODUCTS_DIR)/FinderLost.app/$(BUNDLE_EXECUTABLE_FOLDER_PATH)/FinderLost";
			};
			name = Debug;
		};
		55FE80FE294D066400763BE7 /* Release */ = {
			isa = XCBuildConfiguration;
			buildSettings = {
				ALWAYS_EMBED_SWIFT_STANDARD_LIBRARIES = YES;
				BUNDLE_LOADER = "$(TEST_HOST)";
				CODE_SIGN_STYLE = Automatic;
				CURRENT_PROJECT_VERSION = 1;
				DEVELOPMENT_TEAM = 3Y8G83BS5M;
				GENERATE_INFOPLIST_FILE = YES;
				IPHONEOS_DEPLOYMENT_TARGET = 16.1;
				MARKETING_VERSION = 1.0;
				PRODUCT_BUNDLE_IDENTIFIER = com.finderlost.FinderLostTests;
				PRODUCT_NAME = "$(TARGET_NAME)";
				SWIFT_EMIT_LOC_STRINGS = NO;
				SWIFT_VERSION = 5.0;
				TARGETED_DEVICE_FAMILY = "1,2";
				TEST_HOST = "$(BUILT_PRODUCTS_DIR)/FinderLost.app/$(BUNDLE_EXECUTABLE_FOLDER_PATH)/FinderLost";
			};
			name = Release;
		};
		55FE8100294D066400763BE7 /* Debug */ = {
			isa = XCBuildConfiguration;
			buildSettings = {
				ALWAYS_EMBED_SWIFT_STANDARD_LIBRARIES = YES;
				CODE_SIGN_STYLE = Automatic;
				CURRENT_PROJECT_VERSION = 1;
				DEVELOPMENT_TEAM = 3Y8G83BS5M;
				GENERATE_INFOPLIST_FILE = YES;
				MARKETING_VERSION = 1.0;
				PRODUCT_BUNDLE_IDENTIFIER = com.finderlost.FinderLostUITests;
				PRODUCT_NAME = "$(TARGET_NAME)";
				SWIFT_EMIT_LOC_STRINGS = NO;
				SWIFT_VERSION = 5.0;
				TARGETED_DEVICE_FAMILY = "1,2";
				TEST_TARGET_NAME = FinderLost;
			};
			name = Debug;
		};
		55FE8101294D066400763BE7 /* Release */ = {
			isa = XCBuildConfiguration;
			buildSettings = {
				ALWAYS_EMBED_SWIFT_STANDARD_LIBRARIES = YES;
				CODE_SIGN_STYLE = Automatic;
				CURRENT_PROJECT_VERSION = 1;
				DEVELOPMENT_TEAM = 3Y8G83BS5M;
				GENERATE_INFOPLIST_FILE = YES;
				MARKETING_VERSION = 1.0;
				PRODUCT_BUNDLE_IDENTIFIER = com.finderlost.FinderLostUITests;
				PRODUCT_NAME = "$(TARGET_NAME)";
				SWIFT_EMIT_LOC_STRINGS = NO;
				SWIFT_VERSION = 5.0;
				TARGETED_DEVICE_FAMILY = "1,2";
				TEST_TARGET_NAME = FinderLost;
			};
			name = Release;
		};
/* End XCBuildConfiguration section */

/* Begin XCConfigurationList section */
		55FE80D0294D066200763BE7 /* Build configuration list for PBXProject "FinderLost" */ = {
			isa = XCConfigurationList;
			buildConfigurations = (
				55FE80F7294D066400763BE7 /* Debug */,
				55FE80F8294D066400763BE7 /* Release */,
			);
			defaultConfigurationIsVisible = 0;
			defaultConfigurationName = Release;
		};
		55FE80F9294D066400763BE7 /* Build configuration list for PBXNativeTarget "FinderLost" */ = {
			isa = XCConfigurationList;
			buildConfigurations = (
				55FE80FA294D066400763BE7 /* Debug */,
				55FE80FB294D066400763BE7 /* Release */,
			);
			defaultConfigurationIsVisible = 0;
			defaultConfigurationName = Release;
		};
		55FE80FC294D066400763BE7 /* Build configuration list for PBXNativeTarget "FinderLostTests" */ = {
			isa = XCConfigurationList;
			buildConfigurations = (
				55FE80FD294D066400763BE7 /* Debug */,
				55FE80FE294D066400763BE7 /* Release */,
			);
			defaultConfigurationIsVisible = 0;
			defaultConfigurationName = Release;
		};
		55FE80FF294D066400763BE7 /* Build configuration list for PBXNativeTarget "FinderLostUITests" */ = {
			isa = XCConfigurationList;
			buildConfigurations = (
				55FE8100294D066400763BE7 /* Debug */,
				55FE8101294D066400763BE7 /* Release */,
			);
			defaultConfigurationIsVisible = 0;
			defaultConfigurationName = Release;
		};
/* End XCConfigurationList section */

/* Begin XCRemoteSwiftPackageReference section */
		552F558F297D739300E2EFBF /* XCRemoteSwiftPackageReference "firebase-ios-sdk" */ = {
			isa = XCRemoteSwiftPackageReference;
			repositoryURL = "https://github.com/firebase/firebase-ios-sdk.git";
			requirement = {
				kind = upToNextMajorVersion;
				minimumVersion = 9.0.0;
			};
		};
/* End XCRemoteSwiftPackageReference section */

/* Begin XCSwiftPackageProductDependency section */
		552F5590297D739300E2EFBF /* FirebaseAuth */ = {
			isa = XCSwiftPackageProductDependency;
			package = 552F558F297D739300E2EFBF /* XCRemoteSwiftPackageReference "firebase-ios-sdk" */;
			productName = FirebaseAuth;
		};
/* End XCSwiftPackageProductDependency section */
	};
	rootObject = 55FE80CD294D066200763BE7 /* Project object */;
}
